// !$*UTF8*$!
{
	archiveVersion = 1;
	classes = {
	};
	objectVersion = 46;
	objects = {

/* Begin PBXBuildFile section */
		83A6CDD91E9F7C3100D72D1D /* AppDelegate.swift in Sources */ = {isa = PBXBuildFile; fileRef = 83A6CDD81E9F7C3100D72D1D /* AppDelegate.swift */; };
		83A6CDDB1E9F7C3100D72D1D /* ViewController.swift in Sources */ = {isa = PBXBuildFile; fileRef = 83A6CDDA1E9F7C3100D72D1D /* ViewController.swift */; };
		83A6CDDE1E9F7C3100D72D1D /* Main.storyboard in Resources */ = {isa = PBXBuildFile; fileRef = 83A6CDDC1E9F7C3100D72D1D /* Main.storyboard */; };
		83A6CDE01E9F7C3100D72D1D /* Assets.xcassets in Resources */ = {isa = PBXBuildFile; fileRef = 83A6CDDF1E9F7C3100D72D1D /* Assets.xcassets */; };
		83A6CDE31E9F7C3100D72D1D /* LaunchScreen.storyboard in Resources */ = {isa = PBXBuildFile; fileRef = 83A6CDE11E9F7C3100D72D1D /* LaunchScreen.storyboard */; };
		83A6CDEB1E9F7CA600D72D1D /* pDollar.swift in Sources */ = {isa = PBXBuildFile; fileRef = 83A6CDEA1E9F7CA600D72D1D /* pDollar.swift */; };
		83A6CDED1E9F7CD600D72D1D /* Templates.swift in Sources */ = {isa = PBXBuildFile; fileRef = 83A6CDEC1E9F7CD600D72D1D /* Templates.swift */; };
		83A6CDEF1E9F7D2100D72D1D /* CustomGesture.swift in Sources */ = {isa = PBXBuildFile; fileRef = 83A6CDEE1E9F7D2100D72D1D /* CustomGesture.swift */; };
/* End PBXBuildFile section */

/* Begin PBXFileReference section */
		83A6CDD51E9F7C3100D72D1D /* DollarPRecognizer.app */ = {isa = PBXFileReference; explicitFileType = wrapper.application; includeInIndex = 0; path = DollarPRecognizer.app; sourceTree = BUILT_PRODUCTS_DIR; };
		83A6CDD81E9F7C3100D72D1D /* AppDelegate.swift */ = {isa = PBXFileReference; lastKnownFileType = sourcecode.swift; path = AppDelegate.swift; sourceTree = "<group>"; };
		83A6CDDA1E9F7C3100D72D1D /* ViewController.swift */ = {isa = PBXFileReference; lastKnownFileType = sourcecode.swift; path = ViewController.swift; sourceTree = "<group>"; };
		83A6CDDD1E9F7C3100D72D1D /* Base */ = {isa = PBXFileReference; lastKnownFileType = file.storyboard; name = Base; path = Base.lproj/Main.storyboard; sourceTree = "<group>"; };
		83A6CDDF1E9F7C3100D72D1D /* Assets.xcassets */ = {isa = PBXFileReference; lastKnownFileType = folder.assetcatalog; path = Assets.xcassets; sourceTree = "<group>"; };
		83A6CDE21E9F7C3100D72D1D /* Base */ = {isa = PBXFileReference; lastKnownFileType = file.storyboard; name = Base; path = Base.lproj/LaunchScreen.storyboard; sourceTree = "<group>"; };
		83A6CDE41E9F7C3100D72D1D /* Info.plist */ = {isa = PBXFileReference; lastKnownFileType = text.plist.xml; path = Info.plist; sourceTree = "<group>"; };
		83A6CDEA1E9F7CA600D72D1D /* pDollar.swift */ = {isa = PBXFileReference; fileEncoding = 4; lastKnownFileType = sourcecode.swift; path = pDollar.swift; sourceTree = "<group>"; };
		83A6CDEC1E9F7CD600D72D1D /* Templates.swift */ = {isa = PBXFileReference; fileEncoding = 4; lastKnownFileType = sourcecode.swift; path = Templates.swift; sourceTree = "<group>"; };
		83A6CDEE1E9F7D2100D72D1D /* CustomGesture.swift */ = {isa = PBXFileReference; fileEncoding = 4; lastKnownFileType = sourcecode.swift; path = CustomGesture.swift; sourceTree = "<group>"; };
/* End PBXFileReference section */

/* Begin PBXFrameworksBuildPhase section */
		83A6CDD21E9F7C3100D72D1D /* Frameworks */ = {
			isa = PBXFrameworksBuildPhase;
			buildActionMask = 2147483647;
			files = (
			);
			runOnlyForDeploymentPostprocessing = 0;
		};
/* End PBXFrameworksBuildPhase section */

/* Begin PBXGroup section */
		83A6CDCC1E9F7C3100D72D1D = {
			isa = PBXGroup;
			children = (
				83A6CDD71E9F7C3100D72D1D /* DollarPRecognizer */,
				83A6CDD61E9F7C3100D72D1D /* Products */,
			);
			sourceTree = "<group>";
		};
		83A6CDD61E9F7C3100D72D1D /* Products */ = {
			isa = PBXGroup;
			children = (
				83A6CDD51E9F7C3100D72D1D /* DollarPRecognizer.app */,
			);
			name = Products;
			sourceTree = "<group>";
		};
		83A6CDD71E9F7C3100D72D1D /* DollarPRecognizer */ = {
			isa = PBXGroup;
			children = (
				83A6CDD81E9F7C3100D72D1D /* AppDelegate.swift */,
				83A6CDEC1E9F7CD600D72D1D /* Templates.swift */,
				83A6CDDA1E9F7C3100D72D1D /* ViewController.swift */,
				83A6CDEA1E9F7CA600D72D1D /* pDollar.swift */,
				83A6CDEE1E9F7D2100D72D1D /* CustomGesture.swift */,
				83A6CDDC1E9F7C3100D72D1D /* Main.storyboard */,
				83A6CDDF1E9F7C3100D72D1D /* Assets.xcassets */,
				83A6CDE11E9F7C3100D72D1D /* LaunchScreen.storyboard */,
				83A6CDE41E9F7C3100D72D1D /* Info.plist */,
			);
			path = DollarPRecognizer;
			sourceTree = "<group>";
		};
/* End PBXGroup section */

/* Begin PBXNativeTarget section */
		83A6CDD41E9F7C3100D72D1D /* DollarPRecognizer */ = {
			isa = PBXNativeTarget;
			buildConfigurationList = 83A6CDE71E9F7C3100D72D1D /* Build configuration list for PBXNativeTarget "DollarPRecognizer" */;
			buildPhases = (
				83A6CDD11E9F7C3100D72D1D /* Sources */,
				83A6CDD21E9F7C3100D72D1D /* Frameworks */,
				83A6CDD31E9F7C3100D72D1D /* Resources */,
			);
			buildRules = (
			);
			dependencies = (
			);
			name = DollarPRecognizer;
			productName = DollarPRecognizer;
			productReference = 83A6CDD51E9F7C3100D72D1D /* DollarPRecognizer.app */;
			productType = "com.apple.product-type.application";
		};
/* End PBXNativeTarget section */

/* Begin PBXProject section */
		83A6CDCD1E9F7C3100D72D1D /* Project object */ = {
			isa = PBXProject;
			attributes = {
				LastSwiftUpdateCheck = 0830;
				LastUpgradeCheck = 0830;
				ORGANIZATIONNAME = "Ed Southwood";
				TargetAttributes = {
					83A6CDD41E9F7C3100D72D1D = {
						CreatedOnToolsVersion = 8.3.1;
						DevelopmentTeam = BE3YGWQKEZ;
						ProvisioningStyle = Automatic;
					};
				};
			};
			buildConfigurationList = 83A6CDD01E9F7C3100D72D1D /* Build configuration list for PBXProject "DollarPRecognizer" */;
			compatibilityVersion = "Xcode 3.2";
			developmentRegion = English;
			hasScannedForEncodings = 0;
			knownRegions = (
				en,
				Base,
			);
			mainGroup = 83A6CDCC1E9F7C3100D72D1D;
			productRefGroup = 83A6CDD61E9F7C3100D72D1D /* Products */;
			projectDirPath = "";
			projectRoot = "";
			targets = (
				83A6CDD41E9F7C3100D72D1D /* DollarPRecognizer */,
			);
		};
/* End PBXProject section */

/* Begin PBXResourcesBuildPhase section */
		83A6CDD31E9F7C3100D72D1D /* Resources */ = {
			isa = PBXResourcesBuildPhase;
			buildActionMask = 2147483647;
			files = (
				83A6CDE31E9F7C3100D72D1D /* LaunchScreen.storyboard in Resources */,
				83A6CDE01E9F7C3100D72D1D /* Assets.xcassets in Resources */,
				83A6CDDE1E9F7C3100D72D1D /* Main.storyboard in Resources */,
			);
			runOnlyForDeploymentPostprocessing = 0;
		};
/* End PBXResourcesBuildPhase section */

/* Begin PBXSourcesBuildPhase section */
		83A6CDD11E9F7C3100D72D1D /* Sources */ = {
			isa = PBXSourcesBuildPhase;
			buildActionMask = 2147483647;
			files = (
				83A6CDEB1E9F7CA600D72D1D /* pDollar.swift in Sources */,
				83A6CDED1E9F7CD600D72D1D /* Templates.swift in Sources */,
				83A6CDDB1E9F7C3100D72D1D /* ViewController.swift in Sources */,
				83A6CDD91E9F7C3100D72D1D /* AppDelegate.swift in Sources */,
				83A6CDEF1E9F7D2100D72D1D /* CustomGesture.swift in Sources */,
			);
			runOnlyForDeploymentPostprocessing = 0;
		};
/* End PBXSourcesBuildPhase section */

/* Begin PBXVariantGroup section */
		83A6CDDC1E9F7C3100D72D1D /* Main.storyboard */ = {
			isa = PBXVariantGroup;
			children = (
				83A6CDDD1E9F7C3100D72D1D /* Base */,
			);
			name = Main.storyboard;
			sourceTree = "<group>";
		};
		83A6CDE11E9F7C3100D72D1D /* LaunchScreen.storyboard */ = {
			isa = PBXVariantGroup;
			children = (
				83A6CDE21E9F7C3100D72D1D /* Base */,
			);
			name = LaunchScreen.storyboard;
			sourceTree = "<group>";
		};
/* End PBXVariantGroup section */

/* Begin XCBuildConfiguration section */
		83A6CDE51E9F7C3100D72D1D /* Debug */ = {
			isa = XCBuildConfiguration;
			buildSettings = {
				ALWAYS_SEARCH_USER_PATHS = NO;
				CLANG_ANALYZER_NONNULL = YES;
				CLANG_ANALYZER_NUMBER_OBJECT_CONVERSION = YES_AGGRESSIVE;
				CLANG_CXX_LANGUAGE_STANDARD = "gnu++0x";
				CLANG_CXX_LIBRARY = "libc++";
				CLANG_ENABLE_MODULES = YES;
				CLANG_ENABLE_OBJC_ARC = YES;
				CLANG_WARN_BOOL_CONVERSION = YES;
				CLANG_WARN_CONSTANT_CONVERSION = YES;
				CLANG_WARN_DIRECT_OBJC_ISA_USAGE = YES_ERROR;
				CLANG_WARN_DOCUMENTATION_COMMENTS = YES;
				CLANG_WARN_EMPTY_BODY = YES;
				CLANG_WARN_ENUM_CONVERSION = YES;
				CLANG_WARN_INFINITE_RECURSION = YES;
				CLANG_WARN_INT_CONVERSION = YES;
				CLANG_WARN_OBJC_ROOT_CLASS = YES_ERROR;
				CLANG_WARN_SUSPICIOUS_MOVE = YES;
				CLANG_WARN_UNREACHABLE_CODE = YES;
				CLANG_WARN__DUPLICATE_METHOD_MATCH = YES;
				"CODE_SIGN_IDENTITY[sdk=iphoneos*]" = "iPhone Developer";
				COPY_PHASE_STRIP = NO;
				DEBUG_INFORMATION_FORMAT = dwarf;
				ENABLE_STRICT_OBJC_MSGSEND = YES;
				ENABLE_TESTABILITY = YES;
				GCC_C_LANGUAGE_STANDARD = gnu99;
				GCC_DYNAMIC_NO_PIC = NO;
				GCC_NO_COMMON_BLOCKS = YES;
				GCC_OPTIMIZATION_LEVEL = 0;
				GCC_PREPROCESSOR_DEFINITIONS = (
					"DEBUG=1",
					"$(inherited)",
				);
				GCC_WARN_64_TO_32_BIT_CONVERSION = YES;
				GCC_WARN_ABOUT_RETURN_TYPE = YES_ERROR;
				GCC_WARN_UNDECLARED_SELECTOR = YES;
				GCC_WARN_UNINITIALIZED_AUTOS = YES_AGGRESSIVE;
				GCC_WARN_UNUSED_FUNCTION = YES;
				GCC_WARN_UNUSED_VARIABLE = YES;
				IPHONEOS_DEPLOYMENT_TARGET = 10.3;
				MTL_ENABLE_DEBUG_INFO = YES;
				ONLY_ACTIVE_ARCH = YES;
				SDKROOT = iphoneos;
				SWIFT_ACTIVE_COMPILATION_CONDITIONS = DEBUG;
				SWIFT_OPTIMIZATION_LEVEL = "-Onone";
			};
			name = Debug;
		};
		83A6CDE61E9F7C3100D72D1D /* Release */ = {
			isa = XCBuildConfiguration;
			buildSettings = {
				ALWAYS_SEARCH_USER_PATHS = NO;
				CLANG_ANALYZER_NONNULL = YES;
				CLANG_ANALYZER_NUMBER_OBJECT_CONVERSION = YES_AGGRESSIVE;
				CLANG_CXX_LANGUAGE_STANDARD = "gnu++0x";
				CLANG_CXX_LIBRARY = "libc++";
				CLANG_ENABLE_MODULES = YES;
				CLANG_ENABLE_OBJC_ARC = YES;
				CLANG_WARN_BOOL_CONVERSION = YES;
				CLANG_WARN_CONSTANT_CONVERSION = YES;
				CLANG_WARN_DIRECT_OBJC_ISA_USAGE = YES_ERROR;
				CLANG_WARN_DOCUMENTATION_COMMENTS = YES;
				CLANG_WARN_EMPTY_BODY = YES;
				CLANG_WARN_ENUM_CONVERSION = YES;
				CLANG_WARN_INFINITE_RECURSION = YES;
				CLANG_WARN_INT_CONVERSION = YES;
				CLANG_WARN_OBJC_ROOT_CLASS = YES_ERROR;
				CLANG_WARN_SUSPICIOUS_MOVE = YES;
				CLANG_WARN_UNREACHABLE_CODE = YES;
				CLANG_WARN__DUPLICATE_METHOD_MATCH = YES;
				"CODE_SIGN_IDENTITY[sdk=iphoneos*]" = "iPhone Developer";
				COPY_PHASE_STRIP = NO;
				DEBUG_INFORMATION_FORMAT = "dwarf-with-dsym";
				ENABLE_NS_ASSERTIONS = NO;
				ENABLE_STRICT_OBJC_MSGSEND = YES;
				GCC_C_LANGUAGE_STANDARD = gnu99;
				GCC_NO_COMMON_BLOCKS = YES;
				GCC_WARN_64_TO_32_BIT_CONVERSION = YES;
				GCC_WARN_ABOUT_RETURN_TYPE = YES_ERROR;
				GCC_WARN_UNDECLARED_SELECTOR = YES;
				GCC_WARN_UNINITIALIZED_AUTOS = YES_AGGRESSIVE;
				GCC_WARN_UNUSED_FUNCTION = YES;
				GCC_WARN_UNUSED_VARIABLE = YES;
				IPHONEOS_DEPLOYMENT_TARGET = 10.3;
				MTL_ENABLE_DEBUG_INFO = NO;
				SDKROOT = iphoneos;
				SWIFT_OPTIMIZATION_LEVEL = "-Owholemodule";
				VALIDATE_PRODUCT = YES;
			};
			name = Release;
		};
		83A6CDE81E9F7C3100D72D1D /* Debug */ = {
			isa = XCBuildConfiguration;
			buildSettings = {
				ASSETCATALOG_COMPILER_APPICON_NAME = AppIcon;
				DEVELOPMENT_TEAM = BE3YGWQKEZ;
				INFOPLIST_FILE = DollarPRecognizer/Info.plist;
				LD_RUNPATH_SEARCH_PATHS = "$(inherited) @executable_path/Frameworks";
				PRODUCT_BUNDLE_IDENTIFIER = com.edsouthwood.DollarPRecognizer;
				PRODUCT_NAME = "$(TARGET_NAME)";
				SWIFT_VERSION = 3.0;
			};
			name = Debug;
		};
		83A6CDE91E9F7C3100D72D1D /* Release */ = {
			isa = XCBuildConfiguration;
			buildSettings = {
				ASSETCATALOG_COMPILER_APPICON_NAME = AppIcon;
				DEVELOPMENT_TEAM = BE3YGWQKEZ;
				INFOPLIST_FILE = DollarPRecognizer/Info.plist;
				LD_RUNPATH_SEARCH_PATHS = "$(inherited) @executable_path/Frameworks";
				PRODUCT_BUNDLE_IDENTIFIER = com.edsouthwood.DollarPRecognizer;
				PRODUCT_NAME = "$(TARGET_NAME)";
				SWIFT_VERSION = 3.0;
			};
			name = Release;
		};
/* End XCBuildConfiguration section */

/* Begin XCConfigurationList section */
		83A6CDD01E9F7C3100D72D1D /* Build configuration list for PBXProject "DollarPRecognizer" */ = {
			isa = XCConfigurationList;
			buildConfigurations = (
				83A6CDE51E9F7C3100D72D1D /* Debug */,
				83A6CDE61E9F7C3100D72D1D /* Release */,
			);
			defaultConfigurationIsVisible = 0;
			defaultConfigurationName = Release;
		};
		83A6CDE71E9F7C3100D72D1D /* Build configuration list for PBXNativeTarget "DollarPRecognizer" */ = {
			isa = XCConfigurationList;
			buildConfigurations = (
				83A6CDE81E9F7C3100D72D1D /* Debug */,
				83A6CDE91E9F7C3100D72D1D /* Release */,
			);
			defaultConfigurationIsVisible = 0;
		};
/* End XCConfigurationList section */
	};
	rootObject = 83A6CDCD1E9F7C3100D72D1D /* Project object */;
}
